
Microsoft Visual Studio Solution File, Format Version 12.00
# Visual Studio Version 16
VisualStudioVersion = 16.0.810.21
MinimumVisualStudioVersion = 10.0.40219.1
Project("{FAE04EC0-301F-11D3-BF4B-00C04F79EFBC}") = "MiscTools", "MiscTools\MiscTools.csproj", "{3251B547-6B38-46D3-83F8-911BE30F988B}"
EndProject
Global
	GlobalSection(SolutionConfigurationPlatforms) = preSolution
		Debug|Any CPU = Debug|Any CPU
		Release|Any CPU = Release|Any CPU
	EndGlobalSection
	GlobalSection(ProjectConfigurationPlatforms) = postSolution
		{3251B547-6B38-46D3-83F8-911BE30F988B}.Debug|Any CPU.ActiveCfg = Debug|Any CPU
		{3251B547-6B38-46D3-83F8-911BE30F988B}.Debug|Any CPU.Build.0 = Debug|Any CPU
		{3251B547-6B38-46D3-83F8-911BE30F988B}.Release|Any CPU.ActiveCfg = Release|Any CPU
		{3251B547-6B38-46D3-83F8-911BE30F988B}.Release|Any CPU.Build.0 = Release|Any CPU
	EndGlobalSection
	GlobalSection(SolutionProperties) = preSolution
		HideSolutionNode = FALSE
	EndGlobalSection
	GlobalSection(ExtensibilityGlobals) = postSolution
		SolutionGuid = {B99EEE77-66CD-4DF0-8578-3AC7470212E9}
	EndGlobalSection
EndGlobal
